
Microsoft Visual Studio Solution File, Format Version 12.00
# Visual Studio Version 17
VisualStudioVersion = 17.14.36203.30 d17.14
MinimumVisualStudioVersion = 10.0.40219.1
Project("{8BC9CEB8-8B4A-11D0-8D11-00A0C91BC942}") = "Launcher", "Launcher.vcxproj", "{7BDFCAF6-F088-4513-BBC2-DE173540C761}"
EndProject
Global
	GlobalSection(SolutionConfigurationPlatforms) = preSolution
		Debug|x64 = Debug|x64
		Release|x64 = Release|x64
	EndGlobalSection
	GlobalSection(ProjectConfigurationPlatforms) = postSolution
		{7BDFCAF6-F088-4513-BBC2-DE173540C761}.Debug|x64.ActiveCfg = Debug|x64
		{7BDFCAF6-F088-4513-BBC2-DE173540C761}.Debug|x64.Build.0 = Debug|x64
		{7BDFCAF6-F088-4513-BBC2-DE173540C761}.Release|x64.ActiveCfg = Release|x64
		{7BDFCAF6-F088-4513-BBC2-DE173540C761}.Release|x64.Build.0 = Release|x64
	EndGlobalSection
	GlobalSection(SolutionProperties) = preSolution
		HideSolutionNode = FALSE
	EndGlobalSection
EndGlobal
